hash: b9d9dc6b812b1fe24227f4f8fb396b073399fb5e2b58818d08a3bc7e3c8ffe14
updated: 2016-07-17T00:50:45.684531228Z
imports:
- name: github.com/auth0/go-jwt-middleware
  version: f3f7de3b9e394e3af3b88e1b9457f6f71d1ae0ac
- name: github.com/bradfitz/gomemcache
  version: fb1f79c6b65acda83063cbc69f6bba1522558bfc
  subpackages:
  - memcache
- name: github.com/BurntSushi/toml
  version: bec2dacf4b590d26237cfebff4471e21ce543494
- name: github.com/dgrijalva/jwt-go
  version: 01aeca54ebda6e0fbfafd0a524d234159c05ec20
- name: github.com/docker/docker
  version: b23fc63f048240cb9714f36c3da6fbf85e1a145d
  subpackages:
  - opts
  - pkg/archive
  - pkg/fileutils
  - pkg/homedir
  - pkg/stdcopy
  - pkg/idtools
  - pkg/ioutils
  - pkg/pools
  - pkg/promise
  - pkg/system
  - pkg/longpath
- name: github.com/docker/engine-api
  version: d505506c67611e8364526339452c20d6d0babcf6
  subpackages:
  - types/filters
  - types/versions
- name: github.com/docker/go-units
  version: f2d77a61e3c169b43402a0a1e84f06daf29b8190
- name: github.com/dsnet/compress
  version: b9aab3c6a04eef14c56384b4ad065e7b73438862
  subpackages:
  - bzip2
  - bzip2/internal/sais
  - internal
  - internal/prefix
- name: github.com/fsnotify/fsnotify
  version: a8a77c9133d2d6fd8334f3260d06f60e8d80a5fb
- name: github.com/fsouza/go-dockerclient
  version: 3213df8880de560ee41e30dbc6605eb04b1f80a4
- name: github.com/garyburd/redigo
  version: 8873b2f1995f59d4bcdd2b0dc9858e2cb9bf0c13
  subpackages:
  - internal
  - redis
- name: github.com/go-sql-driver/mysql
  version: 3654d25ec346ee8ce71a68431025458d52a38ac0
- name: github.com/golang/protobuf
  version: f7137ae6b19afbfd61a94b746fda3b3fe0491874
  subpackages:
  - proto
- name: github.com/gorilla/context
  version: aed02d124ae4a0e94fea4541c8effd05bf0c8296
- name: github.com/gorilla/mux
  version: 9fa818a44c2bf1396a17f9d5a3c0f6dd39d2ff8e
- name: github.com/gorilla/securecookie
  version: ff356348f74133a59d3e93aa24b5b4551b6fe90d
- name: github.com/gorilla/sessions
  version: 56ba4b0a11da87516629a57408a5f7e4c8ea7b0b
- name: github.com/hashicorp/go-cleanhttp
  version: ad28ea4487f05916463e2423a55166280e8254b5
- name: github.com/hashicorp/hcl
  version: d8c773c4cba11b11539e3d45f93daeaa5dcf1fa1
  subpackages:
  - hcl/ast
  - hcl/parser
  - hcl/token
  - json/parser
  - hcl/scanner
  - hcl/strconv
  - json/scanner
  - json/token
- name: github.com/jmoiron/sqlx
  version: bdae0c3219c3bdb92f3d7c70825018712787c933
  subpackages:
  - reflectx
- name: github.com/kylelemons/go-gypsy
  version: 42fc2c7ee9b8bd0ff636cd2d7a8c0a49491044c5
  subpackages:
  - yaml
- name: github.com/lann/builder
  version: f22ce00fd9394014049dad11c244859432bd6820
- name: github.com/lann/ps
  version: 62de8c46ede02a7675c4c79c84883eb164cb71e3
- name: github.com/lib/pq
  version: 4dd446efc17690bc53e154025146f73203b18309
  subpackages:
  - oid
- name: github.com/magiconair/properties
  version: af14024f63beeb153d0048591b39c5788f21cc24
- name: github.com/manyminds/api2go
  version: 22da272c420e3e0f59a8aaa74dbd0f170053ade7
- name: github.com/markbates/goth
  version: 87842825e8dde576c9d7f0958c38f9c633bd2f6b
  subpackages:
  - gothic
  - providers/github
- name: github.com/mattn/go-sqlite3
  version: e118d4451349065b8e7ce0f0af32e033995363f8
- name: github.com/mholt/archiver
  version: a075791974ee7d363104fde72b5e009515cc0def
- name: github.com/mikespook/gorbac
  version: 9acee989bfc3a4028255316b1010f124750310c6
- name: github.com/mitchellh/mapstructure
  version: 21a35fb16463dfb7c8eee579c65d995d95e64d1e
- name: github.com/nwaples/rardecode
  version: 7b958952f24d53002760f1d46367a1e57a4e8aa1
- name: github.com/onsi/ginkgo
  version: 7d3240191d7b2311b60090fcbc96e56bffc45ec0
- name: github.com/onsi/gomega
  version: 9574b2d94c03faf63bf1b296e21d9db950006ea4
- name: github.com/opencontainers/runc
  version: 41b12c095b0cde82a8f22718bc15ceede5f60b0f
  subpackages:
  - libcontainer/user
- name: github.com/RichardKnop/machinery
  version: b0b9ca0f0889acfc008b187e6cc02f08a4366918
  subpackages:
  - v1
  - v1/config
  - v1/signatures
  - v1/backends
  - v1/brokers
  - v1/utils
- name: github.com/RichardKnop/uuid
  version: c55201b036063326c5b1b89ccfe45a184973d073
- name: github.com/Sirupsen/logrus
  version: a283a10442df8dc09befd873fab202bf8a253d6a
- name: github.com/spf13/cast
  version: 27b586b42e29bec072fe7379259cc719e1289da6
- name: github.com/spf13/jwalterweatherman
  version: 33c24e77fb80341fe7130ee7c594256ff08ccc46
- name: github.com/spf13/pflag
  version: 367864438f1b1a3c7db4da06a2f55b144e6784e0
- name: github.com/spf13/viper
  version: c1ccc378a054ea8d4e38d8c67f6938d4760b53dd
- name: github.com/streadway/amqp
  version: 2e25825abdbd7752ff08b270d313b93519a0a232
- name: github.com/ziutek/mymysql
  version: 8787d5581eb63f3f3b447f40c13f8e69e73f1b58
  subpackages:
  - godrv
  - mysql
  - native
- name: golang.org/x/crypto
  version: 10c26747e67d76ad4fafe6087c6f4073c3b22942
  subpackages:
  - bcrypt
  - blowfish
- name: golang.org/x/net
  version: 45b61eaf18dd5c1b942e7666ff170b77dbbaf87b
  subpackages:
  - context
- name: golang.org/x/oauth2
  version: 4470bd844ebb05a09d21d3f54d5824a81b5f45af
  subpackages:
  - internal
- name: golang.org/x/sys
  version: b518c298ac9dc94b6ac0757394f50d10c5dfa25a
  subpackages:
  - unix
- name: google.golang.org/api
  version: c13a21ee847eca050f08db8373d8737494a1170e
  subpackages:
  - storage
- name: google.golang.org/appengine
  version: 267c27e7492265b84fc6719503b14a1e17975d79
  subpackages:
  - urlfetch
  - internal
  - internal/urlfetch
  - internal/base
  - internal/datastore
  - internal/log
  - internal/remote_api
- name: gopkg.in/Masterminds/squirrel.v1
  version: caff2d522d550f0998629c85898ad35e8a603328
- name: gopkg.in/mgo.v2
  version: e30de8ac9ae3b30df7065f766c71f88bba7d4e49
  subpackages:
  - bson
  - internal/sasl
  - internal/scram
- name: gopkg.in/yaml.v2
  version: a83829b6f1293c91addabc89d0571c246397bbf4
testImports: []
